
Microsoft Visual Studio Solution File, Format Version 12.00
# Visual Studio Version 17
VisualStudioVersion = 17.0.32112.339
MinimumVisualStudioVersion = 10.0.40219.1
Project("{8BC9CEB8-8B4A-11D0-8D11-00A0C91BC942}") = "1.1", "1.1\1.1.vcxproj", "{E350B92F-DBA0-4197-AE0F-1F5831DAFDE4}"
EndProject
Project("{8BC9CEB8-8B4A-11D0-8D11-00A0C91BC942}") = "1.2", "1.2\1.2.vcxproj", "{1D8DB58A-DC77-4871-9D04-02C6749CF1FD}"
EndProject
Project("{8BC9CEB8-8B4A-11D0-8D11-00A0C91BC942}") = "1.3", "1.3\1.3.vcxproj", "{CC49BC79-2A58-4E60-A5FE-24C482290E8A}"
EndProject
Project("{8BC9CEB8-8B4A-11D0-8D11-00A0C91BC942}") = "1.4", "1.4\1.4.vcxproj", "{41625B1D-1A98-43CE-B541-9B19EBC84DE4}"
EndProject
Project("{8BC9CEB8-8B4A-11D0-8D11-00A0C91BC942}") = "1.5", "1.5\1.5.vcxproj", "{1A4A42A6-C4BD-468E-B79E-D908CD5ECCFA}"
EndProject
Project("{8BC9CEB8-8B4A-11D0-8D11-00A0C91BC942}") = "1.6", "1.6\1.6.vcxproj", "{90666C98-67AF-4A48-BA19-6804FA964A85}"
EndProject
Project("{8BC9CEB8-8B4A-11D0-8D11-00A0C91BC942}") = "1.7", "1.7\1.7.vcxproj", "{0BDE262D-07AD-41A9-82F7-7ED1F49E21C7}"
EndProject
Project("{8BC9CEB8-8B4A-11D0-8D11-00A0C91BC942}") = "1.8", "1.8\1.8.vcxproj", "{CD57BE70-09DA-47AE-95DB-1E87206378F6}"
EndProject
Project("{8BC9CEB8-8B4A-11D0-8D11-00A0C91BC942}") = "1.9", "1.9\1.9.vcxproj", "{6E611C5B-46AA-4A54-8D1C-104D614DDA73}"
EndProject
Project("{8BC9CEB8-8B4A-11D0-8D11-00A0C91BC942}") = "1.10", "1.10\1.10.vcxproj", "{FDF850B8-99EB-4CAD-BFF5-5374E1257697}"
EndProject
Project("{8BC9CEB8-8B4A-11D0-8D11-00A0C91BC942}") = "1.11", "1.11\1.11.vcxproj", "{DEDBD9B0-D787-4824-A433-58EE49485F7E}"
EndProject
Project("{8BC9CEB8-8B4A-11D0-8D11-00A0C91BC942}") = "1.12", "1.12\1.12.vcxproj", "{CEBBB25F-6006-40D2-953A-079C31E06380}"
EndProject
Project("{8BC9CEB8-8B4A-11D0-8D11-00A0C91BC942}") = "1.13", "1.13\1.13.vcxproj", "{144FD7AF-0839-474C-8765-E89B088CA264}"
EndProject
Project("{8BC9CEB8-8B4A-11D0-8D11-00A0C91BC942}") = "1.14", "1.14\1.14.vcxproj", "{06324A18-861F-410D-8957-AE323C917883}"
EndProject
Project("{8BC9CEB8-8B4A-11D0-8D11-00A0C91BC942}") = "1.15", "1.15\1.15.vcxproj", "{83332284-3858-4242-84BD-3508DB937BAC}"
EndProject
Project("{8BC9CEB8-8B4A-11D0-8D11-00A0C91BC942}") = "1.16", "1.16\1.16.vcxproj", "{ABB75344-5436-4D99-BC38-575D7FAACA60}"
EndProject
Project("{8BC9CEB8-8B4A-11D0-8D11-00A0C91BC942}") = "1.17", "1.17\1.17.vcxproj", "{26C7B81E-58B5-495B-8A26-D19CC0F45BFA}"
EndProject
Global
	GlobalSection(SolutionConfigurationPlatforms) = preSolution
		Debug|x64 = Debug|x64
		Debug|x86 = Debug|x86
		Release|x64 = Release|x64
		Release|x86 = Release|x86
	EndGlobalSection
	GlobalSection(ProjectConfigurationPlatforms) = postSolution
		{E350B92F-DBA0-4197-AE0F-1F5831DAFDE4}.Debug|x64.ActiveCfg = Debug|x64
		{E350B92F-DBA0-4197-AE0F-1F5831DAFDE4}.Debug|x64.Build.0 = Debug|x64
		{E350B92F-DBA0-4197-AE0F-1F5831DAFDE4}.Debug|x86.ActiveCfg = Debug|Win32
		{E350B92F-DBA0-4197-AE0F-1F5831DAFDE4}.Debug|x86.Build.0 = Debug|Win32
		{E350B92F-DBA0-4197-AE0F-1F5831DAFDE4}.Release|x64.ActiveCfg = Release|x64
		{E350B92F-DBA0-4197-AE0F-1F5831DAFDE4}.Release|x64.Build.0 = Release|x64
		{E350B92F-DBA0-4197-AE0F-1F5831DAFDE4}.Release|x86.ActiveCfg = Release|Win32
		{E350B92F-DBA0-4197-AE0F-1F5831DAFDE4}.Release|x86.Build.0 = Release|Win32
		{1D8DB58A-DC77-4871-9D04-02C6749CF1FD}.Debug|x64.ActiveCfg = Debug|x64
		{1D8DB58A-DC77-4871-9D04-02C6749CF1FD}.Debug|x64.Build.0 = Debug|x64
		{1D8DB58A-DC77-4871-9D04-02C6749CF1FD}.Debug|x86.ActiveCfg = Debug|Win32
		{1D8DB58A-DC77-4871-9D04-02C6749CF1FD}.Debug|x86.Build.0 = Debug|Win32
		{1D8DB58A-DC77-4871-9D04-02C6749CF1FD}.Release|x64.ActiveCfg = Release|x64
		{1D8DB58A-DC77-4871-9D04-02C6749CF1FD}.Release|x64.Build.0 = Release|x64
		{1D8DB58A-DC77-4871-9D04-02C6749CF1FD}.Release|x86.ActiveCfg = Release|Win32
		{1D8DB58A-DC77-4871-9D04-02C6749CF1FD}.Release|x86.Build.0 = Release|Win32
		{CC49BC79-2A58-4E60-A5FE-24C482290E8A}.Debug|x64.ActiveCfg = Debug|x64
		{CC49BC79-2A58-4E60-A5FE-24C482290E8A}.Debug|x64.Build.0 = Debug|x64
		{CC49BC79-2A58-4E60-A5FE-24C482290E8A}.Debug|x86.ActiveCfg = Debug|Win32
		{CC49BC79-2A58-4E60-A5FE-24C482290E8A}.Debug|x86.Build.0 = Debug|Win32
		{CC49BC79-2A58-4E60-A5FE-24C482290E8A}.Release|x64.ActiveCfg = Release|x64
		{CC49BC79-2A58-4E60-A5FE-24C482290E8A}.Release|x64.Build.0 = Release|x64
		{CC49BC79-2A58-4E60-A5FE-24C482290E8A}.Release|x86.ActiveCfg = Release|Win32
		{CC49BC79-2A58-4E60-A5FE-24C482290E8A}.Release|x86.Build.0 = Release|Win32
		{41625B1D-1A98-43CE-B541-9B19EBC84DE4}.Debug|x64.ActiveCfg = Debug|x64
		{41625B1D-1A98-43CE-B541-9B19EBC84DE4}.Debug|x64.Build.0 = Debug|x64
		{41625B1D-1A98-43CE-B541-9B19EBC84DE4}.Debug|x86.ActiveCfg = Debug|Win32
		{41625B1D-1A98-43CE-B541-9B19EBC84DE4}.Debug|x86.Build.0 = Debug|Win32
		{41625B1D-1A98-43CE-B541-9B19EBC84DE4}.Release|x64.ActiveCfg = Release|x64
		{41625B1D-1A98-43CE-B541-9B19EBC84DE4}.Release|x64.Build.0 = Release|x64
		{41625B1D-1A98-43CE-B541-9B19EBC84DE4}.Release|x86.ActiveCfg = Release|Win32
		{41625B1D-1A98-43CE-B541-9B19EBC84DE4}.Release|x86.Build.0 = Release|Win32
		{1A4A42A6-C4BD-468E-B79E-D908CD5ECCFA}.Debug|x64.ActiveCfg = Debug|x64
		{1A4A42A6-C4BD-468E-B79E-D908CD5ECCFA}.Debug|x64.Build.0 = Debug|x64
		{1A4A42A6-C4BD-468E-B79E-D908CD5ECCFA}.Debug|x86.ActiveCfg = Debug|Win32
		{1A4A42A6-C4BD-468E-B79E-D908CD5ECCFA}.Debug|x86.Build.0 = Debug|Win32
		{1A4A42A6-C4BD-468E-B79E-D908CD5ECCFA}.Release|x64.ActiveCfg = Release|x64
		{1A4A42A6-C4BD-468E-B79E-D908CD5ECCFA}.Release|x64.Build.0 = Release|x64
		{1A4A42A6-C4BD-468E-B79E-D908CD5ECCFA}.Release|x86.ActiveCfg = Release|Win32
		{1A4A42A6-C4BD-468E-B79E-D908CD5ECCFA}.Release|x86.Build.0 = Release|Win32
		{90666C98-67AF-4A48-BA19-6804FA964A85}.Debug|x64.ActiveCfg = Debug|x64
		{90666C98-67AF-4A48-BA19-6804FA964A85}.Debug|x64.Build.0 = Debug|x64
		{90666C98-67AF-4A48-BA19-6804FA964A85}.Debug|x86.ActiveCfg = Debug|Win32
		{90666C98-67AF-4A48-BA19-6804FA964A85}.Debug|x86.Build.0 = Debug|Win32
		{90666C98-67AF-4A48-BA19-6804FA964A85}.Release|x64.ActiveCfg = Release|x64
		{90666C98-67AF-4A48-BA19-6804FA964A85}.Release|x64.Build.0 = Release|x64
		{90666C98-67AF-4A48-BA19-6804FA964A85}.Release|x86.ActiveCfg = Release|Win32
		{90666C98-67AF-4A48-BA19-6804FA964A85}.Release|x86.Build.0 = Release|Win32
		{0BDE262D-07AD-41A9-82F7-7ED1F49E21C7}.Debug|x64.ActiveCfg = Debug|x64
		{0BDE262D-07AD-41A9-82F7-7ED1F49E21C7}.Debug|x64.Build.0 = Debug|x64
		{0BDE262D-07AD-41A9-82F7-7ED1F49E21C7}.Debug|x86.ActiveCfg = Debug|Win32
		{0BDE262D-07AD-41A9-82F7-7ED1F49E21C7}.Debug|x86.Build.0 = Debug|Win32
		{0BDE262D-07AD-41A9-82F7-7ED1F49E21C7}.Release|x64.ActiveCfg = Release|x64
		{0BDE262D-07AD-41A9-82F7-7ED1F49E21C7}.Release|x64.Build.0 = Release|x64
		{0BDE262D-07AD-41A9-82F7-7ED1F49E21C7}.Release|x86.ActiveCfg = Release|Win32
		{0BDE262D-07AD-41A9-82F7-7ED1F49E21C7}.Release|x86.Build.0 = Release|Win32
		{CD57BE70-09DA-47AE-95DB-1E87206378F6}.Debug|x64.ActiveCfg = Debug|x64
		{CD57BE70-09DA-47AE-95DB-1E87206378F6}.Debug|x64.Build.0 = Debug|x64
		{CD57BE70-09DA-47AE-95DB-1E87206378F6}.Debug|x86.ActiveCfg = Debug|Win32
		{CD57BE70-09DA-47AE-95DB-1E87206378F6}.Debug|x86.Build.0 = Debug|Win32
		{CD57BE70-09DA-47AE-95DB-1E87206378F6}.Release|x64.ActiveCfg = Release|x64
		{CD57BE70-09DA-47AE-95DB-1E87206378F6}.Release|x64.Build.0 = Release|x64
		{CD57BE70-09DA-47AE-95DB-1E87206378F6}.Release|x86.ActiveCfg = Release|Win32
		{CD57BE70-09DA-47AE-95DB-1E87206378F6}.Release|x86.Build.0 = Release|Win32
		{6E611C5B-46AA-4A54-8D1C-104D614DDA73}.Debug|x64.ActiveCfg = Debug|x64
		{6E611C5B-46AA-4A54-8D1C-104D614DDA73}.Debug|x64.Build.0 = Debug|x64
		{6E611C5B-46AA-4A54-8D1C-104D614DDA73}.Debug|x86.ActiveCfg = Debug|Win32
		{6E611C5B-46AA-4A54-8D1C-104D614DDA73}.Debug|x86.Build.0 = Debug|Win32
		{6E611C5B-46AA-4A54-8D1C-104D614DDA73}.Release|x64.ActiveCfg = Release|x64
		{6E611C5B-46AA-4A54-8D1C-104D614DDA73}.Release|x64.Build.0 = Release|x64
		{6E611C5B-46AA-4A54-8D1C-104D614DDA73}.Release|x86.ActiveCfg = Release|Win32
		{6E611C5B-46AA-4A54-8D1C-104D614DDA73}.Release|x86.Build.0 = Release|Win32
		{FDF850B8-99EB-4CAD-BFF5-5374E1257697}.Debug|x64.ActiveCfg = Debug|x64
		{FDF850B8-99EB-4CAD-BFF5-5374E1257697}.Debug|x64.Build.0 = Debug|x64
		{FDF850B8-99EB-4CAD-BFF5-5374E1257697}.Debug|x86.ActiveCfg = Debug|Win32
		{FDF850B8-99EB-4CAD-BFF5-5374E1257697}.Debug|x86.Build.0 = Debug|Win32
		{FDF850B8-99EB-4CAD-BFF5-5374E1257697}.Release|x64.ActiveCfg = Release|x64
		{FDF850B8-99EB-4CAD-BFF5-5374E1257697}.Release|x64.Build.0 = Release|x64
		{FDF850B8-99EB-4CAD-BFF5-5374E1257697}.Release|x86.ActiveCfg = Release|Win32
		{FDF850B8-99EB-4CAD-BFF5-5374E1257697}.Release|x86.Build.0 = Release|Win32
		{DEDBD9B0-D787-4824-A433-58EE49485F7E}.Debug|x64.ActiveCfg = Debug|x64
		{DEDBD9B0-D787-4824-A433-58EE49485F7E}.Debug|x64.Build.0 = Debug|x64
		{DEDBD9B0-D787-4824-A433-58EE49485F7E}.Debug|x86.ActiveCfg = Debug|Win32
		{DEDBD9B0-D787-4824-A433-58EE49485F7E}.Debug|x86.Build.0 = Debug|Win32
		{DEDBD9B0-D787-4824-A433-58EE49485F7E}.Release|x64.ActiveCfg = Release|x64
		{DEDBD9B0-D787-4824-A433-58EE49485F7E}.Release|x64.Build.0 = Release|x64
		{DEDBD9B0-D787-4824-A433-58EE49485F7E}.Release|x86.ActiveCfg = Release|Win32
		{DEDBD9B0-D787-4824-A433-58EE49485F7E}.Release|x86.Build.0 = Release|Win32
		{CEBBB25F-6006-40D2-953A-079C31E06380}.Debug|x64.ActiveCfg = Debug|x64
		{CEBBB25F-6006-40D2-953A-079C31E06380}.Debug|x64.Build.0 = Debug|x64
		{CEBBB25F-6006-40D2-953A-079C31E06380}.Debug|x86.ActiveCfg = Debug|Win32
		{CEBBB25F-6006-40D2-953A-079C31E06380}.Debug|x86.Build.0 = Debug|Win32
		{CEBBB25F-6006-40D2-953A-079C31E06380}.Release|x64.ActiveCfg = Release|x64
		{CEBBB25F-6006-40D2-953A-079C31E06380}.Release|x64.Build.0 = Release|x64
		{CEBBB25F-6006-40D2-953A-079C31E06380}.Release|x86.ActiveCfg = Release|Win32
		{CEBBB25F-6006-40D2-953A-079C31E06380}.Release|x86.Build.0 = Release|Win32
		{144FD7AF-0839-474C-8765-E89B088CA264}.Debug|x64.ActiveCfg = Debug|x64
		{144FD7AF-0839-474C-8765-E89B088CA264}.Debug|x64.Build.0 = Debug|x64
		{144FD7AF-0839-474C-8765-E89B088CA264}.Debug|x86.ActiveCfg = Debug|Win32
		{144FD7AF-0839-474C-8765-E89B088CA264}.Debug|x86.Build.0 = Debug|Win32
		{144FD7AF-0839-474C-8765-E89B088CA264}.Release|x64.ActiveCfg = Release|x64
		{144FD7AF-0839-474C-8765-E89B088CA264}.Release|x64.Build.0 = Release|x64
		{144FD7AF-0839-474C-8765-E89B088CA264}.Release|x86.ActiveCfg = Release|Win32
		{144FD7AF-0839-474C-8765-E89B088CA264}.Release|x86.Build.0 = Release|Win32
		{06324A18-861F-410D-8957-AE323C917883}.Debug|x64.ActiveCfg = Debug|x64
		{06324A18-861F-410D-8957-AE323C917883}.Debug|x64.Build.0 = Debug|x64
		{06324A18-861F-410D-8957-AE323C917883}.Debug|x86.ActiveCfg = Debug|Win32
		{06324A18-861F-410D-8957-AE323C917883}.Debug|x86.Build.0 = Debug|Win32
		{06324A18-861F-410D-8957-AE323C917883}.Release|x64.ActiveCfg = Release|x64
		{06324A18-861F-410D-8957-AE323C917883}.Release|x64.Build.0 = Release|x64
		{06324A18-861F-410D-8957-AE323C917883}.Release|x86.ActiveCfg = Release|Win32
		{06324A18-861F-410D-8957-AE323C917883}.Release|x86.Build.0 = Release|Win32
		{83332284-3858-4242-84BD-3508DB937BAC}.Debug|x64.ActiveCfg = Debug|x64
		{83332284-3858-4242-84BD-3508DB937BAC}.Debug|x64.Build.0 = Debug|x64
		{83332284-3858-4242-84BD-3508DB937BAC}.Debug|x86.ActiveCfg = Debug|Win32
		{83332284-3858-4242-84BD-3508DB937BAC}.Debug|x86.Build.0 = Debug|Win32
		{83332284-3858-4242-84BD-3508DB937BAC}.Release|x64.ActiveCfg = Release|x64
		{83332284-3858-4242-84BD-3508DB937BAC}.Release|x64.Build.0 = Release|x64
		{83332284-3858-4242-84BD-3508DB937BAC}.Release|x86.ActiveCfg = Release|Win32
		{83332284-3858-4242-84BD-3508DB937BAC}.Release|x86.Build.0 = Release|Win32
		{ABB75344-5436-4D99-BC38-575D7FAACA60}.Debug|x64.ActiveCfg = Debug|x64
		{ABB75344-5436-4D99-BC38-575D7FAACA60}.Debug|x64.Build.0 = Debug|x64
		{ABB75344-5436-4D99-BC38-575D7FAACA60}.Debug|x86.ActiveCfg = Debug|Win32
		{ABB75344-5436-4D99-BC38-575D7FAACA60}.Debug|x86.Build.0 = Debug|Win32
		{ABB75344-5436-4D99-BC38-575D7FAACA60}.Release|x64.ActiveCfg = Release|x64
		{ABB75344-5436-4D99-BC38-575D7FAACA60}.Release|x64.Build.0 = Release|x64
		{ABB75344-5436-4D99-BC38-575D7FAACA60}.Release|x86.ActiveCfg = Release|Win32
		{ABB75344-5436-4D99-BC38-575D7FAACA60}.Release|x86.Build.0 = Release|Win32
		{26C7B81E-58B5-495B-8A26-D19CC0F45BFA}.Debug|x64.ActiveCfg = Debug|x64
		{26C7B81E-58B5-495B-8A26-D19CC0F45BFA}.Debug|x64.Build.0 = Debug|x64
		{26C7B81E-58B5-495B-8A26-D19CC0F45BFA}.Debug|x86.ActiveCfg = Debug|Win32
		{26C7B81E-58B5-495B-8A26-D19CC0F45BFA}.Debug|x86.Build.0 = Debug|Win32
		{26C7B81E-58B5-495B-8A26-D19CC0F45BFA}.Release|x64.ActiveCfg = Release|x64
		{26C7B81E-58B5-495B-8A26-D19CC0F45BFA}.Release|x64.Build.0 = Release|x64
		{26C7B81E-58B5-495B-8A26-D19CC0F45BFA}.Release|x86.ActiveCfg = Release|Win32
		{26C7B81E-58B5-495B-8A26-D19CC0F45BFA}.Release|x86.Build.0 = Release|Win32
	EndGlobalSection
	GlobalSection(SolutionProperties) = preSolution
		HideSolutionNode = FALSE
	EndGlobalSection
	GlobalSection(ExtensibilityGlobals) = postSolution
		SolutionGuid = {E0C26A0E-21CD-48D4-9B24-EE8C8E44C132}
	EndGlobalSection
EndGlobal
